
Microsoft Visual Studio Solution File, Format Version 12.00
# Visual Studio Version 17
VisualStudioVersion = 17.7.34003.232
MinimumVisualStudioVersion = 10.0.40219.1
Project("{888888A0-9F3D-457C-B088-3A5042F75D52}") = "FireDetection.System", "FireDetection.System\FireDetection.System.pyproj", "{67950C9E-609B-4D9E-BCF2-F665298FE06B}"
EndProject
Project("{2150E333-8FDC-42A3-9474-1A3956D46DE8}") = "api", "api", "{BE6C9EE3-7642-447E-98A3-1BC3C9F81C6A}"
EndProject
Project("{2150E333-8FDC-42A3-9474-1A3956D46DE8}") = "test", "test", "{4737D49E-2BC3-49CB-A56F-1E2379D6637A}"
EndProject
Project("{2150E333-8FDC-42A3-9474-1A3956D46DE8}") = "modelAI", "modelAI", "{7AF96F49-9DCA-48B7-BB16-EE91C04DCCEC}"
EndProject
Project("{2150E333-8FDC-42A3-9474-1A3956D46DE8}") = "application", "application", "{1E8232E3-3CBB-48B3-8EE3-A76248CB1C1D}"
EndProject
Project("{2150E333-8FDC-42A3-9474-1A3956D46DE8}") = "domain", "domain", "{612B8690-6DB6-4E22-9400-67DAD58BDFF9}"
EndProject
Project("{9A19103F-16F7-4668-BE54-9A1E7A4F7556}") = "FireDetection.Backend.Domain", "FireDetection.Backend.Domain\FireDetection.Backend.Domain.csproj", "{CCC40075-C465-4972-9244-BA830460B252}"
EndProject
Project("{2150E333-8FDC-42A3-9474-1A3956D46DE8}") = "infrastructure", "infrastructure", "{C7BBDC7E-6F27-44DD-B3D5-9576A269D3D7}"
EndProject
Project("{2150E333-8FDC-42A3-9474-1A3956D46DE8}") = "template", "template", "{79A29FF4-0571-4096-B67D-BD213695B08C}"
	ProjectSection(SolutionItems) = preProject
		..\..\..\..\..\Users\manda\Downloads\b2d8e715-b4f1-4680-aa7f-51c6fb0b7c3d.png = ..\..\..\..\..\Users\manda\Downloads\b2d8e715-b4f1-4680-aa7f-51c6fb0b7c3d.png
	EndProjectSection
EndProject
Project("{9A19103F-16F7-4668-BE54-9A1E7A4F7556}") = "FireDetection.Backend.Infrastructure", "FireDetection.Backend.Infrastructure\FireDetection.Backend.Infrastructure.csproj", "{8FBFAA21-54BB-4ECC-B528-83A755441038}"
EndProject
Project("{9A19103F-16F7-4668-BE54-9A1E7A4F7556}") = "FireDetection.Backend.API", "FireDetection.Backend.API\FireDetection.Backend.API.csproj", "{573BD7DC-1F12-42D8-851C-04CEC38A9070}"
EndProject
Project("{E53339B2-1760-4266-BCC7-CA923CBCF16C}") = "docker-compose", "docker-compose.dcproj", "{3A333542-3E22-4AF0-9379-DEE87C92774E}"
EndProject
Project("{2150E333-8FDC-42A3-9474-1A3956D46DE8}") = "application.tests", "application.tests", "{68ACD28E-48A5-480D-A388-903D67283F6C}"
EndProject
Project("{2150E333-8FDC-42A3-9474-1A3956D46DE8}") = "domain.tests", "domain.tests", "{086F7A30-B972-4C1C-A560-52C6CA6ED84C}"
EndProject
Project("{2150E333-8FDC-42A3-9474-1A3956D46DE8}") = "infrastructure.tests", "infrastructure.tests", "{6268D356-12C3-476A-B04A-7CEA1A670CB0}"
EndProject
Project("{FAE04EC0-301F-11D3-BF4B-00C04F79EFBC}") = "Backend.API.Tests", "..\Backend.API.Tests\Backend.API.Tests.csproj", "{FDE52C77-99DC-4928-8BFE-853D753D6597}"
EndProject
Project("{FAE04EC0-301F-11D3-BF4B-00C04F79EFBC}") = "Backend.Infrastructure.Tests", "..\Backend.Infrastructure.Tests\Backend.Infrastructure.Tests.csproj", "{1C7DF949-7F47-408A-A370-4D3555EC72BB}"
EndProject
Project("{FAE04EC0-301F-11D3-BF4B-00C04F79EFBC}") = "Backend.Domain.Tests", "..\Backend.Domain.Tests\Backend.Domain.Tests.csproj", "{7C9229DF-982C-4945-BD6A-38FFFAED9FFA}"
EndProject
Global
	GlobalSection(SolutionConfigurationPlatforms) = preSolution
		Debug|Any CPU = Debug|Any CPU
		Release|Any CPU = Release|Any CPU
	EndGlobalSection
	GlobalSection(ProjectConfigurationPlatforms) = postSolution
		{67950C9E-609B-4D9E-BCF2-F665298FE06B}.Debug|Any CPU.ActiveCfg = Debug|Any CPU
		{67950C9E-609B-4D9E-BCF2-F665298FE06B}.Release|Any CPU.ActiveCfg = Release|Any CPU
		{CCC40075-C465-4972-9244-BA830460B252}.Debug|Any CPU.ActiveCfg = Debug|Any CPU
		{CCC40075-C465-4972-9244-BA830460B252}.Debug|Any CPU.Build.0 = Debug|Any CPU
		{CCC40075-C465-4972-9244-BA830460B252}.Release|Any CPU.ActiveCfg = Release|Any CPU
		{CCC40075-C465-4972-9244-BA830460B252}.Release|Any CPU.Build.0 = Release|Any CPU
		{8FBFAA21-54BB-4ECC-B528-83A755441038}.Debug|Any CPU.ActiveCfg = Debug|Any CPU
		{8FBFAA21-54BB-4ECC-B528-83A755441038}.Debug|Any CPU.Build.0 = Debug|Any CPU
		{8FBFAA21-54BB-4ECC-B528-83A755441038}.Release|Any CPU.ActiveCfg = Release|Any CPU
		{8FBFAA21-54BB-4ECC-B528-83A755441038}.Release|Any CPU.Build.0 = Release|Any CPU
		{573BD7DC-1F12-42D8-851C-04CEC38A9070}.Debug|Any CPU.ActiveCfg = Debug|Any CPU
		{573BD7DC-1F12-42D8-851C-04CEC38A9070}.Debug|Any CPU.Build.0 = Debug|Any CPU
		{573BD7DC-1F12-42D8-851C-04CEC38A9070}.Release|Any CPU.ActiveCfg = Release|Any CPU
		{573BD7DC-1F12-42D8-851C-04CEC38A9070}.Release|Any CPU.Build.0 = Release|Any CPU
		{3A333542-3E22-4AF0-9379-DEE87C92774E}.Debug|Any CPU.ActiveCfg = Debug|Any CPU
		{3A333542-3E22-4AF0-9379-DEE87C92774E}.Debug|Any CPU.Build.0 = Debug|Any CPU
		{3A333542-3E22-4AF0-9379-DEE87C92774E}.Release|Any CPU.ActiveCfg = Release|Any CPU
		{3A333542-3E22-4AF0-9379-DEE87C92774E}.Release|Any CPU.Build.0 = Release|Any CPU
		{FDE52C77-99DC-4928-8BFE-853D753D6597}.Debug|Any CPU.ActiveCfg = Debug|Any CPU
		{FDE52C77-99DC-4928-8BFE-853D753D6597}.Debug|Any CPU.Build.0 = Debug|Any CPU
		{FDE52C77-99DC-4928-8BFE-853D753D6597}.Release|Any CPU.ActiveCfg = Release|Any CPU
		{FDE52C77-99DC-4928-8BFE-853D753D6597}.Release|Any CPU.Build.0 = Release|Any CPU
		{1C7DF949-7F47-408A-A370-4D3555EC72BB}.Debug|Any CPU.ActiveCfg = Debug|Any CPU
		{1C7DF949-7F47-408A-A370-4D3555EC72BB}.Debug|Any CPU.Build.0 = Debug|Any CPU
		{1C7DF949-7F47-408A-A370-4D3555EC72BB}.Release|Any CPU.ActiveCfg = Release|Any CPU
		{1C7DF949-7F47-408A-A370-4D3555EC72BB}.Release|Any CPU.Build.0 = Release|Any CPU
		{7C9229DF-982C-4945-BD6A-38FFFAED9FFA}.Debug|Any CPU.ActiveCfg = Debug|Any CPU
		{7C9229DF-982C-4945-BD6A-38FFFAED9FFA}.Debug|Any CPU.Build.0 = Debug|Any CPU
		{7C9229DF-982C-4945-BD6A-38FFFAED9FFA}.Release|Any CPU.ActiveCfg = Release|Any CPU
		{7C9229DF-982C-4945-BD6A-38FFFAED9FFA}.Release|Any CPU.Build.0 = Release|Any CPU
	EndGlobalSection
	GlobalSection(SolutionProperties) = preSolution
		HideSolutionNode = FALSE
	EndGlobalSection
	GlobalSection(NestedProjects) = preSolution
		{67950C9E-609B-4D9E-BCF2-F665298FE06B} = {7AF96F49-9DCA-48B7-BB16-EE91C04DCCEC}
		{1E8232E3-3CBB-48B3-8EE3-A76248CB1C1D} = {BE6C9EE3-7642-447E-98A3-1BC3C9F81C6A}
		{612B8690-6DB6-4E22-9400-67DAD58BDFF9} = {BE6C9EE3-7642-447E-98A3-1BC3C9F81C6A}
		{CCC40075-C465-4972-9244-BA830460B252} = {612B8690-6DB6-4E22-9400-67DAD58BDFF9}
		{C7BBDC7E-6F27-44DD-B3D5-9576A269D3D7} = {BE6C9EE3-7642-447E-98A3-1BC3C9F81C6A}
		{8FBFAA21-54BB-4ECC-B528-83A755441038} = {C7BBDC7E-6F27-44DD-B3D5-9576A269D3D7}
		{573BD7DC-1F12-42D8-851C-04CEC38A9070} = {1E8232E3-3CBB-48B3-8EE3-A76248CB1C1D}
		{68ACD28E-48A5-480D-A388-903D67283F6C} = {4737D49E-2BC3-49CB-A56F-1E2379D6637A}
		{086F7A30-B972-4C1C-A560-52C6CA6ED84C} = {4737D49E-2BC3-49CB-A56F-1E2379D6637A}
		{6268D356-12C3-476A-B04A-7CEA1A670CB0} = {4737D49E-2BC3-49CB-A56F-1E2379D6637A}
		{FDE52C77-99DC-4928-8BFE-853D753D6597} = {68ACD28E-48A5-480D-A388-903D67283F6C}
		{1C7DF949-7F47-408A-A370-4D3555EC72BB} = {6268D356-12C3-476A-B04A-7CEA1A670CB0}
		{7C9229DF-982C-4945-BD6A-38FFFAED9FFA} = {086F7A30-B972-4C1C-A560-52C6CA6ED84C}
	EndGlobalSection
	GlobalSection(ExtensibilityGlobals) = postSolution
		SolutionGuid = {79D54D9C-2FDD-4BA5-80D3-625FABC87A31}
	EndGlobalSection
EndGlobal
